
Microsoft Visual Studio Solution File, Format Version 12.00
# Visual Studio Version 17
VisualStudioVersion = 17.5.002.0
MinimumVisualStudioVersion = 10.0.40219.1
Project("{9A19103F-16F7-4668-BE54-9A1E7A4F7556}") = "CS", "CS.csproj", "{B888421C-6202-486E-B4E4-D2E358AA23F3}"
EndProject
Global
	GlobalSection(SolutionConfigurationPlatforms) = preSolution
		Debug|Any CPU = Debug|Any CPU
		Release|Any CPU = Release|Any CPU
	EndGlobalSection
	GlobalSection(ProjectConfigurationPlatforms) = postSolution
		{B888421C-6202-486E-B4E4-D2E358AA23F3}.Debug|Any CPU.ActiveCfg = Debug|Any CPU
		{B888421C-6202-486E-B4E4-D2E358AA23F3}.Debug|Any CPU.Build.0 = Debug|Any CPU
		{B888421C-6202-486E-B4E4-D2E358AA23F3}.Release|Any CPU.ActiveCfg = Release|Any CPU
		{B888421C-6202-486E-B4E4-D2E358AA23F3}.Release|Any CPU.Build.0 = Release|Any CPU
	EndGlobalSection
	GlobalSection(SolutionProperties) = preSolution
		HideSolutionNode = FALSE
	EndGlobalSection
	GlobalSection(ExtensibilityGlobals) = postSolution
		SolutionGuid = {D2871432-A358-4C3C-A6F3-A751A14357F0}
	EndGlobalSection
EndGlobal
